
Microsoft Visual Studio Solution File, Format Version 12.00
# Visual Studio 15
VisualStudioVersion = 15.0.28010.0
MinimumVisualStudioVersion = 10.0.40219.1
Project("{FAE04EC0-301F-11D3-BF4B-00C04F79EFBC}") = "Cricarba.Refactoring", "Cricarba.Refactoring\Cricarba.Refactoring.csproj", "{C7C59FEB-FFD0-4D82-8505-E2A01C17DE5D}"
EndProject
Project("{FAE04EC0-301F-11D3-BF4B-00C04F79EFBC}") = "Cricarba.Refactoring.Dominio", "Cricarba.Refactoring.Dominio\Cricarba.Refactoring.Dominio.csproj", "{C791DA96-3A6A-46EB-94D7-27A2EA0C05E4}"
EndProject
Global
	GlobalSection(SolutionConfigurationPlatforms) = preSolution
		Debug|Any CPU = Debug|Any CPU
		Release|Any CPU = Release|Any CPU
	EndGlobalSection
	GlobalSection(ProjectConfigurationPlatforms) = postSolution
		{C7C59FEB-FFD0-4D82-8505-E2A01C17DE5D}.Debug|Any CPU.ActiveCfg = Debug|Any CPU
		{C7C59FEB-FFD0-4D82-8505-E2A01C17DE5D}.Debug|Any CPU.Build.0 = Debug|Any CPU
		{C7C59FEB-FFD0-4D82-8505-E2A01C17DE5D}.Release|Any CPU.ActiveCfg = Release|Any CPU
		{C7C59FEB-FFD0-4D82-8505-E2A01C17DE5D}.Release|Any CPU.Build.0 = Release|Any CPU
		{C791DA96-3A6A-46EB-94D7-27A2EA0C05E4}.Debug|Any CPU.ActiveCfg = Debug|Any CPU
		{C791DA96-3A6A-46EB-94D7-27A2EA0C05E4}.Debug|Any CPU.Build.0 = Debug|Any CPU
		{C791DA96-3A6A-46EB-94D7-27A2EA0C05E4}.Release|Any CPU.ActiveCfg = Release|Any CPU
		{C791DA96-3A6A-46EB-94D7-27A2EA0C05E4}.Release|Any CPU.Build.0 = Release|Any CPU
	EndGlobalSection
	GlobalSection(SolutionProperties) = preSolution
		HideSolutionNode = FALSE
	EndGlobalSection
	GlobalSection(ExtensibilityGlobals) = postSolution
		SolutionGuid = {79E6C448-409B-4C55-8444-FAD4E721538C}
	EndGlobalSection
EndGlobal
